PODS:
  - GoogleToolboxForMac/Defines (2.1.0)
  - GoogleToolboxForMac/Logger (2.1.0):
    - GoogleToolboxForMac/Defines (= 2.1.0)
  - GTMSessionFetcher/Core (1.1.6)
  - GVRKit (1.120.0):
    - GVRSDK (= 1.120.0)
  - GVRSCNRenderer (0.0.5):
    - GVRKit
  - GVRSDK (1.120.0):
    - GoogleToolboxForMac/Logger (= 2.1.0)
    - GTMSessionFetcher/Core (= 1.1.6)

DEPENDENCIES:
  - GVRKit
  - GVRSCNRenderer

SPEC REPOS:
  https://github.com/cocoapods/specs.git:
    - GoogleToolboxForMac
    - GTMSessionFetcher
    - GVRKit
    - GVRSCNRenderer
    - GVRSDK

SPEC CHECKSUMS:
  GoogleToolboxForMac: 2b2596cbb7186865e98cadf2b1e262d851c2b168
  GTMSessionFetcher: 6aacd0ab48ddf0c3633ab2642d792abfcad1b08a
  GVRKit: 424e48fafa9f8a6249a14ffda48d2f1dbe3d9def
  GVRSCNRenderer: 6ad73dd27d65945a7b9b32754b2bf74e6026643a
  GVRSDK: 0cb9d0ce06a84d698e61e3db9509766022dcf815

PODFILE CHECKSUM: 95df1f23edd3139b4eeaff96a098fe1da82ab16d

COCOAPODS: 1.5.2
